
Microsoft Visual Studio Solution File, Format Version 12.00
# Visual Studio Version 16
VisualStudioVersion = 16.0.28803.156
MinimumVisualStudioVersion = 10.0.40219.1
Project("{FAE04EC0-301F-11D3-BF4B-00C04F79EFBC}") = "Forum", "Forum\Forum.csproj", "{2847603D-4597-46D2-B9A0-76FE7FE0E408}"
EndProject
Global
	GlobalSection(SolutionConfigurationPlatforms) = preSolution
		Debug|Any CPU = Debug|Any CPU
		Release|Any CPU = Release|Any CPU
	EndGlobalSection
	GlobalSection(ProjectConfigurationPlatforms) = postSolution
		{2847603D-4597-46D2-B9A0-76FE7FE0E408}.Debug|Any CPU.ActiveCfg = Debug|Any CPU
		{2847603D-4597-46D2-B9A0-76FE7FE0E408}.Debug|Any CPU.Build.0 = Debug|Any CPU
		{2847603D-4597-46D2-B9A0-76FE7FE0E408}.Release|Any CPU.ActiveCfg = Release|Any CPU
		{2847603D-4597-46D2-B9A0-76FE7FE0E408}.Release|Any CPU.Build.0 = Release|Any CPU
	EndGlobalSection
	GlobalSection(SolutionProperties) = preSolution
		HideSolutionNode = FALSE
	EndGlobalSection
	GlobalSection(ExtensibilityGlobals) = postSolution
		SolutionGuid = {20C28F7C-8C91-4B33-899A-CCB931C9A4DB}
	EndGlobalSection
EndGlobal
